
Microsoft Visual Studio Solution File, Format Version 12.00
# Visual Studio 14
VisualStudioVersion = 14.0.23107.0
MinimumVisualStudioVersion = 10.0.40219.1
Project("{8BC9CEB8-8B4A-11D0-8D11-00A0C91BC942}") = "Project1", "Project1\Project1.vcxproj", "{EB6A537F-CBDD-4F4B-B520-260BF43C25FF}"
EndProject
Project("{8BC9CEB8-8B4A-11D0-8D11-00A0C91BC942}") = "tinyxml", "Project1\tinyxml\tinyxml_lib.vcxproj", "{C406DAEC-0886-4771-8DEA-9D7329B46CC1}"
EndProject
Global
	GlobalSection(SolutionConfigurationPlatforms) = preSolution
		Debug|x64 = Debug|x64
		Debug|x86 = Debug|x86
		Release|x64 = Release|x64
		Release|x86 = Release|x86
	EndGlobalSection
	GlobalSection(ProjectConfigurationPlatforms) = postSolution
		{EB6A537F-CBDD-4F4B-B520-260BF43C25FF}.Debug|x64.ActiveCfg = Debug|x64
		{EB6A537F-CBDD-4F4B-B520-260BF43C25FF}.Debug|x64.Build.0 = Debug|x64
		{EB6A537F-CBDD-4F4B-B520-260BF43C25FF}.Debug|x86.ActiveCfg = Debug|Win32
		{EB6A537F-CBDD-4F4B-B520-260BF43C25FF}.Debug|x86.Build.0 = Debug|Win32
		{EB6A537F-CBDD-4F4B-B520-260BF43C25FF}.Release|x64.ActiveCfg = Release|x64
		{EB6A537F-CBDD-4F4B-B520-260BF43C25FF}.Release|x64.Build.0 = Release|x64
		{EB6A537F-CBDD-4F4B-B520-260BF43C25FF}.Release|x86.ActiveCfg = Release|Win32
		{EB6A537F-CBDD-4F4B-B520-260BF43C25FF}.Release|x86.Build.0 = Release|Win32
		{C406DAEC-0886-4771-8DEA-9D7329B46CC1}.Debug|x64.ActiveCfg = Debug|Win32
		{C406DAEC-0886-4771-8DEA-9D7329B46CC1}.Debug|x86.ActiveCfg = Debug|Win32
		{C406DAEC-0886-4771-8DEA-9D7329B46CC1}.Debug|x86.Build.0 = Debug|Win32
		{C406DAEC-0886-4771-8DEA-9D7329B46CC1}.Release|x64.ActiveCfg = Release|Win32
		{C406DAEC-0886-4771-8DEA-9D7329B46CC1}.Release|x86.ActiveCfg = Release|Win32
		{C406DAEC-0886-4771-8DEA-9D7329B46CC1}.Release|x86.Build.0 = Release|Win32
	EndGlobalSection
	GlobalSection(SolutionProperties) = preSolution
		HideSolutionNode = FALSE
	EndGlobalSection
EndGlobal
